// !$*UTF8*$!
{
	archiveVersion = 1;
	classes = {
	};
	objectVersion = 45;
	objects = {

/* Begin PBXBuildFile section */
		1D3623260D0F684500981E51 /* BootlaceAppDelegate.m in Sources */ = {isa = PBXBuildFile; fileRef = 1D3623250D0F684500981E51 /* BootlaceAppDelegate.m */; };
		1D60589B0D05DD56006BFB54 /* main.m in Sources */ = {isa = PBXBuildFile; fileRef = 29B97316FDCFA39411CA2CEA /* main.m */; };
		1D60589F0D05DD5A006BFB54 /* Foundation.framework in Frameworks */ = {isa = PBXBuildFile; fileRef = 1D30AB110D05D00D00671497 /* Foundation.framework */; };
		1DF5F4E00D08C38300B7A737 /* UIKit.framework in Frameworks */ = {isa = PBXBuildFile; fileRef = 1DF5F4DF0D08C38300B7A737 /* UIKit.framework */; };
		288765080DF74369002DB57D /* CoreGraphics.framework in Frameworks */ = {isa = PBXBuildFile; fileRef = 288765070DF74369002DB57D /* CoreGraphics.framework */; };
		D786909B11BD1E8E00642943 /* SettingsViewController.m in Sources */ = {isa = PBXBuildFile; fileRef = D786909911BD1E8E00642943 /* SettingsViewController.m */; };
		D78690AA11BD233E00642943 /* HomeView.xib in Resources */ = {isa = PBXBuildFile; fileRef = D78690A611BD233E00642943 /* HomeView.xib */; };
		D78690AB11BD233E00642943 /* MainWindow.xib in Resources */ = {isa = PBXBuildFile; fileRef = D78690A711BD233E00642943 /* MainWindow.xib */; };
		D78690AC11BD233E00642943 /* DroidView.xib in Resources */ = {isa = PBXBuildFile; fileRef = D78690A811BD233E00642943 /* DroidView.xib */; };
		D78690AD11BD233E00642943 /* SettingsView.xib in Resources */ = {isa = PBXBuildFile; fileRef = D78690A911BD233E00642943 /* SettingsView.xib */; };
		D78690B211BD234A00642943 /* DroidViewController.m in Sources */ = {isa = PBXBuildFile; fileRef = D78690AF11BD234A00642943 /* DroidViewController.m */; };
		D78690B311BD234A00642943 /* HomeViewController.m in Sources */ = {isa = PBXBuildFile; fileRef = D78690B111BD234A00642943 /* HomeViewController.m */; };
		D78690D211BD282200642943 /* BootViewController.m in Sources */ = {isa = PBXBuildFile; fileRef = D78690D011BD282200642943 /* BootViewController.m */; };
		D78690D511BD284C00642943 /* BootView.xib in Resources */ = {isa = PBXBuildFile; fileRef = D78690D411BD284C00642943 /* BootView.xib */; };
		D786910711BD33DF00642943 /* androidos.png in Resources */ = {isa = PBXBuildFile; fileRef = D786910111BD33DF00642943 /* androidos.png */; };
		D786910811BD33DF00642943 /* androidreboot.png in Resources */ = {isa = PBXBuildFile; fileRef = D786910211BD33DF00642943 /* androidreboot.png */; };
		D786910911BD33DF00642943 /* console.png in Resources */ = {isa = PBXBuildFile; fileRef = D786910311BD33DF00642943 /* console.png */; };
		D786910A11BD33DF00642943 /* consolereboot.png in Resources */ = {isa = PBXBuildFile; fileRef = D786910411BD33DF00642943 /* consolereboot.png */; };
		D786910B11BD33DF00642943 /* Icon.png in Resources */ = {isa = PBXBuildFile; fileRef = D786910511BD33DF00642943 /* Icon.png */; };
		D786910C11BD33DF00642943 /* iphoneos.png in Resources */ = {isa = PBXBuildFile; fileRef = D786910611BD33DF00642943 /* iphoneos.png */; };
		D78692DA11BD785B00642943 /* home.png in Resources */ = {isa = PBXBuildFile; fileRef = D78692D911BD785B00642943 /* home.png */; };
		D78692DF11BD791600642943 /* quickboot.png in Resources */ = {isa = PBXBuildFile; fileRef = D78692DD11BD791600642943 /* quickboot.png */; };
		D78692E011BD791600642943 /* settings.png in Resources */ = {isa = PBXBuildFile; fileRef = D78692DE11BD791600642943 /* settings.png */; };
		D7B332B311BE5FD2008978A1 /* commonData.m in Sources */ = {isa = PBXBuildFile; fileRef = D7B332AE11BE5FD2008978A1 /* commonData.m */; };
		D7B332B411BE5FD2008978A1 /* commonFunctions.m in Sources */ = {isa = PBXBuildFile; fileRef = D7B332B011BE5FD2008978A1 /* commonFunctions.m */; };
		D7B332B511BE5FD2008978A1 /* nvramFunctions.m in Sources */ = {isa = PBXBuildFile; fileRef = D7B332B211BE5FD2008978A1 /* nvramFunctions.m */; };
		D7B3335511BE6964008978A1 /* Default.png in Resources */ = {isa = PBXBuildFile; fileRef = D7B3335411BE6964008978A1 /* Default.png */; };
		D7B3339411BE7473008978A1 /* idroidbg.png in Resources */ = {isa = PBXBuildFile; fileRef = D7B3339311BE7473008978A1 /* idroidbg.png */; };
		D7B3354411BE85E5008978A1 /* idroidbutton.png in Resources */ = {isa = PBXBuildFile; fileRef = D7B3354311BE85E5008978A1 /* idroidbutton.png */; };
		D7C5E5A711C27BEB00D24192 /* bootlaceupdate.plist in Resources */ = {isa = PBXBuildFile; fileRef = D7C5E5A611C27BEB00D24192 /* bootlaceupdate.plist */; };
		D7C6234811C65F790049C24B /* getFile.m in Sources */ = {isa = PBXBuildFile; fileRef = D7C6234711C65F790049C24B /* getFile.m */; };
		D7C62A9211C6B1BA0049C24B /* bzip2Lib.m in Sources */ = {isa = PBXBuildFile; fileRef = D7C62A9111C6B1BA0049C24B /* bzip2Lib.m */; };
		D7C62AC711C6B3E10049C24B /* bzlib_private.h in Headers */ = {isa = PBXBuildFile; fileRef = D7C62AC411C6B3E10049C24B /* bzlib_private.h */; };
		D7C62AC811C6B3E10049C24B /* bzlib.c in Sources */ = {isa = PBXBuildFile; fileRef = D7C62AC511C6B3E10049C24B /* bzlib.c */; };
		D7C62AC911C6B3E10049C24B /* bzlib.h in Headers */ = {isa = PBXBuildFile; fileRef = D7C62AC611C6B3E10049C24B /* bzlib.h */; };
		D7C62AD011C6B4850049C24B /* libbz2.a in Frameworks */ = {isa = PBXBuildFile; fileRef = D7C62AAC11C6B2D40049C24B /* libbz2.a */; };
		D7D0B37111C50561000FCBD4 /* install.png in Resources */ = {isa = PBXBuildFile; fileRef = D7D0B36F11C50561000FCBD4 /* install.png */; };
		D7D0B37211C50561000FCBD4 /* remove.png in Resources */ = {isa = PBXBuildFile; fileRef = D7D0B37011C50561000FCBD4 /* remove.png */; };
/* End PBXBuildFile section */

/* Begin PBXFileReference section */
		1D30AB110D05D00D00671497 /* Foundation.framework */ = {isa = PBXFileReference; lastKnownFileType = wrapper.framework; name = Foundation.framework; path = System/Library/Frameworks/Foundation.framework; sourceTree = SDKROOT; };
		1D3623240D0F684500981E51 /* BootlaceAppDelegate.h */ = {isa = PBXFileReference; fileEncoding = 4; lastKnownFileType = sourcecode.c.h; path = BootlaceAppDelegate.h; sourceTree = "<group>"; };
		1D3623250D0F684500981E51 /* BootlaceAppDelegate.m */ = {isa = PBXFileReference; fileEncoding = 4; lastKnownFileType = sourcecode.c.objc; path = BootlaceAppDelegate.m; sourceTree = "<group>"; };
		1D6058910D05DD3D006BFB54 /* BootlaceV2.app */ = {isa = PBXFileReference; explicitFileType = wrapper.application; includeInIndex = 0; path = BootlaceV2.app; sourceTree = BUILT_PRODUCTS_DIR; };
		1DF5F4DF0D08C38300B7A737 /* UIKit.framework */ = {isa = PBXFileReference; lastKnownFileType = wrapper.framework; name = UIKit.framework; path = System/Library/Frameworks/UIKit.framework; sourceTree = SDKROOT; };
		288765070DF74369002DB57D /* CoreGraphics.framework */ = {isa = PBXFileReference; lastKnownFileType = wrapper.framework; name = CoreGraphics.framework; path = System/Library/Frameworks/CoreGraphics.framework; sourceTree = SDKROOT; };
		28A0AB4B0D9B1048005BE974 /* BootlaceV2_Prefix.pch */ = {isa = PBXFileReference; fileEncoding = 4; lastKnownFileType = sourcecode.c.h; path = BootlaceV2_Prefix.pch; sourceTree = "<group>"; };
		29B97316FDCFA39411CA2CEA /* main.m */ = {isa = PBXFileReference; fileEncoding = 4; lastKnownFileType = sourcecode.c.objc; path = main.m; sourceTree = "<group>"; };
		8D1107310486CEB800E47090 /* Bootlace-Info.plist */ = {isa = PBXFileReference; fileEncoding = 4; lastKnownFileType = text.plist.xml; path = "Bootlace-Info.plist"; plistStructureDefinitionIdentifier = "com.apple.xcode.plist.structure-definition.iphone.info-plist"; sourceTree = "<group>"; };
		D786909811BD1E8E00642943 /* SettingsViewController.h */ = {isa = PBXFileReference; fileEncoding = 4; lastKnownFileType = sourcecode.c.h; path = SettingsViewController.h; sourceTree = "<group>"; };
		D786909911BD1E8E00642943 /* SettingsViewController.m */ = {isa = PBXFileReference; fileEncoding = 4; lastKnownFileType = sourcecode.c.objc; path = SettingsViewController.m; sourceTree = "<group>"; };
		D78690A611BD233E00642943 /* HomeView.xib */ = {isa = PBXFileReference; lastKnownFileType = file.xib; name = HomeView.xib; path = Resources/HomeView.xib; sourceTree = "<group>"; };
		D78690A711BD233E00642943 /* MainWindow.xib */ = {isa = PBXFileReference; lastKnownFileType = file.xib; name = MainWindow.xib; path = Resources/MainWindow.xib; sourceTree = "<group>"; };
		D78690A811BD233E00642943 /* DroidView.xib */ = {isa = PBXFileReference; lastKnownFileType = file.xib; name = DroidView.xib; path = Resources/DroidView.xib; sourceTree = "<group>"; };
		D78690A911BD233E00642943 /* SettingsView.xib */ = {isa = PBXFileReference; lastKnownFileType = file.xib; name = SettingsView.xib; path = Resources/SettingsView.xib; sourceTree = "<group>"; };
		D78690AE11BD234A00642943 /* DroidViewController.h */ = {isa = PBXFileReference; fileEncoding = 4; lastKnownFileType = sourcecode.c.h; path = DroidViewController.h; sourceTree = "<group>"; };
		D78690AF11BD234A00642943 /* DroidViewController.m */ = {isa = PBXFileReference; fileEncoding = 4; lastKnownFileType = sourcecode.c.objc; path = DroidViewController.m; sourceTree = "<group>"; };
		D78690B011BD234A00642943 /* HomeViewController.h */ = {isa = PBXFileReference; fileEncoding = 4; lastKnownFileType = sourcecode.c.h; path = HomeViewController.h; sourceTree = "<group>"; };
		D78690B111BD234A00642943 /* HomeViewController.m */ = {isa = PBXFileReference; fileEncoding = 4; lastKnownFileType = sourcecode.c.objc; path = HomeViewController.m; sourceTree = "<group>"; };
		D78690CF11BD282200642943 /* BootViewController.h */ = {isa = PBXFileReference; fileEncoding = 4; lastKnownFileType = sourcecode.c.h; path = BootViewController.h; sourceTree = "<group>"; };
		D78690D011BD282200642943 /* BootViewController.m */ = {isa = PBXFileReference; fileEncoding = 4; lastKnownFileType = sourcecode.c.objc; path = BootViewController.m; sourceTree = "<group>"; };
		D78690D411BD284C00642943 /* BootView.xib */ = {isa = PBXFileReference; lastKnownFileType = file.xib; name = BootView.xib; path = Resources/BootView.xib; sourceTree = "<group>"; };
		D786910111BD33DF00642943 /* androidos.png */ = {isa = PBXFileReference; lastKnownFileType = image.png; name = androidos.png; path = Resources/androidos.png; sourceTree = "<group>"; };
		D786910211BD33DF00642943 /* androidreboot.png */ = {isa = PBXFileReference; lastKnownFileType = image.png; name = androidreboot.png; path = Resources/androidreboot.png; sourceTree = "<group>"; };
		D786910311BD33DF00642943 /* console.png */ = {isa = PBXFileReference; lastKnownFileType = image.png; name = console.png; path = Resources/console.png; sourceTree = "<group>"; };
		D786910411BD33DF00642943 /* consolereboot.png */ = {isa = PBXFileReference; lastKnownFileType = image.png; name = consolereboot.png; path = Resources/consolereboot.png; sourceTree = "<group>"; };
		D786910511BD33DF00642943 /* Icon.png */ = {isa = PBXFileReference; lastKnownFileType = image.png; name = Icon.png; path = Resources/Icon.png; sourceTree = "<group>"; };
		D786910611BD33DF00642943 /* iphoneos.png */ = {isa = PBXFileReference; lastKnownFileType = image.png; name = iphoneos.png; path = Resources/iphoneos.png; sourceTree = "<group>"; };
		D78692D911BD785B00642943 /* home.png */ = {isa = PBXFileReference; lastKnownFileType = image.png; name = home.png; path = Resources/home.png; sourceTree = "<group>"; };
		D78692DD11BD791600642943 /* quickboot.png */ = {isa = PBXFileReference; lastKnownFileType = image.png; name = quickboot.png; path = Resources/quickboot.png; sourceTree = "<group>"; };
		D78692DE11BD791600642943 /* settings.png */ = {isa = PBXFileReference; lastKnownFileType = image.png; name = settings.png; path = Resources/settings.png; sourceTree = "<group>"; };
		D7B332AD11BE5FD2008978A1 /* commonData.h */ = {isa = PBXFileReference; fileEncoding = 4; lastKnownFileType = sourcecode.c.h; path = commonData.h; sourceTree = "<group>"; };
		D7B332AE11BE5FD2008978A1 /* commonData.m */ = {isa = PBXFileReference; fileEncoding = 4; lastKnownFileType = sourcecode.c.objc; path = commonData.m; sourceTree = "<group>"; };
		D7B332AF11BE5FD2008978A1 /* commonFunctions.h */ = {isa = PBXFileReference; fileEncoding = 4; lastKnownFileType = sourcecode.c.h; path = commonFunctions.h; sourceTree = "<group>"; };
		D7B332B011BE5FD2008978A1 /* commonFunctions.m */ = {isa = PBXFileReference; fileEncoding = 4; lastKnownFileType = sourcecode.c.objc; path = commonFunctions.m; sourceTree = "<group>"; };
		D7B332B111BE5FD2008978A1 /* nvramFunctions.h */ = {isa = PBXFileReference; fileEncoding = 4; lastKnownFileType = sourcecode.c.h; path = nvramFunctions.h; sourceTree = "<group>"; };
		D7B332B211BE5FD2008978A1 /* nvramFunctions.m */ = {isa = PBXFileReference; fileEncoding = 4; lastKnownFileType = sourcecode.c.objc; path = nvramFunctions.m; sourceTree = "<group>"; };
		D7B3335411BE6964008978A1 /* Default.png */ = {isa = PBXFileReference; lastKnownFileType = image.png; name = Default.png; path = Resources/Default.png; sourceTree = "<group>"; };
		D7B3339311BE7473008978A1 /* idroidbg.png */ = {isa = PBXFileReference; lastKnownFileType = image.png; name = idroidbg.png; path = Resources/idroidbg.png; sourceTree = "<group>"; };
		D7B3354311BE85E5008978A1 /* idroidbutton.png */ = {isa = PBXFileReference; lastKnownFileType = image.png; name = idroidbutton.png; path = Resources/idroidbutton.png; sourceTree = "<group>"; };
		D7C5E5A611C27BEB00D24192 /* bootlaceupdate.plist */ = {isa = PBXFileReference; fileEncoding = 4; lastKnownFileType = text.plist.xml; path = bootlaceupdate.plist; sourceTree = SOURCE_ROOT; };
		D7C6234611C65F790049C24B /* getFile.h */ = {isa = PBXFileReference; fileEncoding = 4; lastKnownFileType = sourcecode.c.h; path = getFile.h; sourceTree = "<group>"; };
		D7C6234711C65F790049C24B /* getFile.m */ = {isa = PBXFileReference; fileEncoding = 4; lastKnownFileType = sourcecode.c.objc; path = getFile.m; sourceTree = "<group>"; };
		D7C62A9111C6B1BA0049C24B /* bzip2Lib.m */ = {isa = PBXFileReference; fileEncoding = 4; lastKnownFileType = sourcecode.c.objc; path = bzip2Lib.m; sourceTree = "<group>"; };
		D7C62AAC11C6B2D40049C24B /* libbz2.a */ = {isa = PBXFileReference; explicitFileType = archive.ar; includeInIndex = 0; path = libbz2.a; sourceTree = BUILT_PRODUCTS_DIR; };
		D7C62AC411C6B3E10049C24B /* bzlib_private.h */ = {isa = PBXFileReference; fileEncoding = 4; lastKnownFileType = sourcecode.c.h; name = bzlib_private.h; path = Libraries/bzlib_private.h; sourceTree = "<group>"; };
		D7C62AC511C6B3E10049C24B /* bzlib.c */ = {isa = PBXFileReference; fileEncoding = 4; lastKnownFileType = sourcecode.c.c; name = bzlib.c; path = Libraries/bzlib.c; sourceTree = "<group>"; };
		D7C62AC611C6B3E10049C24B /* bzlib.h */ = {isa = PBXFileReference; fileEncoding = 4; lastKnownFileType = sourcecode.c.h; name = bzlib.h; path = Libraries/bzlib.h; sourceTree = "<group>"; };
		D7D0B16511C4ED4F000FCBD4 /* Availability2.h */ = {isa = PBXFileReference; fileEncoding = 4; lastKnownFileType = sourcecode.c.h; name = Availability2.h; path = Headers/Availability2.h; sourceTree = "<group>"; };
		D7D0B16711C4ED4F000FCBD4 /* GSEvent.h */ = {isa = PBXFileReference; fileEncoding = 4; lastKnownFileType = sourcecode.c.h; path = GSEvent.h; sourceTree = "<group>"; };
		D7D0B16811C4ED4F000FCBD4 /* GSHeartbeat.h */ = {isa = PBXFileReference; fileEncoding = 4; lastKnownFileType = sourcecode.c.h; path = GSHeartbeat.h; sourceTree = "<group>"; };
		D7D0B16911C4ED4F000FCBD4 /* UIGlassButton.h */ = {isa = PBXFileReference; fileEncoding = 4; lastKnownFileType = sourcecode.c.h; name = UIGlassButton.h; path = Headers/UIGlassButton.h; sourceTree = "<group>"; };
		D7D0B16A11C4ED4F000FCBD4 /* UIKit-Structs.h */ = {isa = PBXFileReference; fileEncoding = 4; lastKnownFileType = sourcecode.c.h; name = "UIKit-Structs.h"; path = "Headers/UIKit-Structs.h"; sourceTree = "<group>"; };
		D7D0B16C11C4ED4F000FCBD4 /* WKTypes.h */ = {isa = PBXFileReference; fileEncoding = 4; lastKnownFileType = sourcecode.c.h; path = WKTypes.h; sourceTree = "<group>"; };
		D7D0B16D11C4ED4F000FCBD4 /* WKUtilities.h */ = {isa = PBXFileReference; fileEncoding = 4; lastKnownFileType = sourcecode.c.h; path = WKUtilities.h; sourceTree = "<group>"; };
		D7D0B36F11C50561000FCBD4 /* install.png */ = {isa = PBXFileReference; lastKnownFileType = image.png; name = install.png; path = Resources/install.png; sourceTree = "<group>"; };
		D7D0B37011C50561000FCBD4 /* remove.png */ = {isa = PBXFileReference; lastKnownFileType = image.png; name = remove.png; path = Resources/remove.png; sourceTree = "<group>"; };
/* End PBXFileReference section */

/* Begin PBXFrameworksBuildPhase section */
		1D60588F0D05DD3D006BFB54 /* Frameworks */ = {
			isa = PBXFrameworksBuildPhase;
			buildActionMask = 2147483647;
			files = (
				1D60589F0D05DD5A006BFB54 /* Foundation.framework in Frameworks */,
				1DF5F4E00D08C38300B7A737 /* UIKit.framework in Frameworks */,
				288765080DF74369002DB57D /* CoreGraphics.framework in Frameworks */,
				D7C62AD011C6B4850049C24B /* libbz2.a in Frameworks */,
			);
			runOnlyForDeploymentPostprocessing = 0;
		};
		D7C62AAA11C6B2D40049C24B /* Frameworks */ = {
			isa = PBXFrameworksBuildPhase;
			buildActionMask = 2147483647;
			files = (
			);
			runOnlyForDeploymentPostprocessing = 0;
		};
/* End PBXFrameworksBuildPhase section */

/* Begin PBXGroup section */
		080E96DDFE201D6D7F000001 /* Classes */ = {
			isa = PBXGroup;
			children = (
				D7C62A9111C6B1BA0049C24B /* bzip2Lib.m */,
				D7C5E5A611C27BEB00D24192 /* bootlaceupdate.plist */,
				D7B332AD11BE5FD2008978A1 /* commonData.h */,
				D7B332AE11BE5FD2008978A1 /* commonData.m */,
				D7B332AF11BE5FD2008978A1 /* commonFunctions.h */,
				D7B332B011BE5FD2008978A1 /* commonFunctions.m */,
				D7B332B111BE5FD2008978A1 /* nvramFunctions.h */,
				D7B332B211BE5FD2008978A1 /* nvramFunctions.m */,
				D78690AE11BD234A00642943 /* DroidViewController.h */,
				D78690AF11BD234A00642943 /* DroidViewController.m */,
				D78690B011BD234A00642943 /* HomeViewController.h */,
				D78690B111BD234A00642943 /* HomeViewController.m */,
				1D3623240D0F684500981E51 /* BootlaceAppDelegate.h */,
				1D3623250D0F684500981E51 /* BootlaceAppDelegate.m */,
				D786909811BD1E8E00642943 /* SettingsViewController.h */,
				D786909911BD1E8E00642943 /* SettingsViewController.m */,
				D78690CF11BD282200642943 /* BootViewController.h */,
				D78690D011BD282200642943 /* BootViewController.m */,
				D7C6234611C65F790049C24B /* getFile.h */,
				D7C6234711C65F790049C24B /* getFile.m */,
			);
			path = Classes;
			sourceTree = "<group>";
		};
		19C28FACFE9D520D11CA2CBB /* Products */ = {
			isa = PBXGroup;
			children = (
				1D6058910D05DD3D006BFB54 /* BootlaceV2.app */,
				D7C62AAC11C6B2D40049C24B /* libbz2.a */,
			);
			name = Products;
			sourceTree = "<group>";
		};
		29B97314FDCFA39411CA2CEA /* BootlaceV2 */ = {
			isa = PBXGroup;
			children = (
				D7C62AC411C6B3E10049C24B /* bzlib_private.h */,
				D7C62AC511C6B3E10049C24B /* bzlib.c */,
				D7C62AC611C6B3E10049C24B /* bzlib.h */,
				D7D0B16411C4ED40000FCBD4 /* Headers */,
				080E96DDFE201D6D7F000001 /* Classes */,
				29B97315FDCFA39411CA2CEA /* Other Sources */,
				29B97317FDCFA39411CA2CEA /* Resources */,
				29B97323FDCFA39411CA2CEA /* Frameworks */,
				19C28FACFE9D520D11CA2CBB /* Products */,
			);
			name = BootlaceV2;
			sourceTree = "<group>";
		};
		29B97315FDCFA39411CA2CEA /* Other Sources */ = {
			isa = PBXGroup;
			children = (
				28A0AB4B0D9B1048005BE974 /* BootlaceV2_Prefix.pch */,
				29B97316FDCFA39411CA2CEA /* main.m */,
			);
			name = "Other Sources";
			sourceTree = "<group>";
		};
		29B97317FDCFA39411CA2CEA /* Resources */ = {
			isa = PBXGroup;
			children = (
				D7D0B36F11C50561000FCBD4 /* install.png */,
				D7D0B37011C50561000FCBD4 /* remove.png */,
				D7B3354311BE85E5008978A1 /* idroidbutton.png */,
				D7B3339311BE7473008978A1 /* idroidbg.png */,
				D7B3335411BE6964008978A1 /* Default.png */,
				D78692DD11BD791600642943 /* quickboot.png */,
				D78692DE11BD791600642943 /* settings.png */,
				D78692D911BD785B00642943 /* home.png */,
				D786910111BD33DF00642943 /* androidos.png */,
				D786910211BD33DF00642943 /* androidreboot.png */,
				D786910311BD33DF00642943 /* console.png */,
				D786910411BD33DF00642943 /* consolereboot.png */,
				D786910511BD33DF00642943 /* Icon.png */,
				D786910611BD33DF00642943 /* iphoneos.png */,
				D78690D411BD284C00642943 /* BootView.xib */,
				D78690A611BD233E00642943 /* HomeView.xib */,
				D78690A711BD233E00642943 /* MainWindow.xib */,
				D78690A811BD233E00642943 /* DroidView.xib */,
				D78690A911BD233E00642943 /* SettingsView.xib */,
				8D1107310486CEB800E47090 /* Bootlace-Info.plist */,
			);
			name = Resources;
			sourceTree = "<group>";
		};
		29B97323FDCFA39411CA2CEA /* Frameworks */ = {
			isa = PBXGroup;
			children = (
				1DF5F4DF0D08C38300B7A737 /* UIKit.framework */,
				1D30AB110D05D00D00671497 /* Foundation.framework */,
				288765070DF74369002DB57D /* CoreGraphics.framework */,
			);
			name = Frameworks;
			sourceTree = "<group>";
		};
		D7D0B16411C4ED40000FCBD4 /* Headers */ = {
			isa = PBXGroup;
			children = (
				D7D0B16511C4ED4F000FCBD4 /* Availability2.h */,
				D7D0B16611C4ED4F000FCBD4 /* GraphicsServices */,
				D7D0B16911C4ED4F000FCBD4 /* UIGlassButton.h */,
				D7D0B16A11C4ED4F000FCBD4 /* UIKit-Structs.h */,
				D7D0B16B11C4ED4F000FCBD4 /* WebCore */,
			);
			name = Headers;
			sourceTree = "<group>";
		};
		D7D0B16611C4ED4F000FCBD4 /* GraphicsServices */ = {
			isa = PBXGroup;
			children = (
				D7D0B16711C4ED4F000FCBD4 /* GSEvent.h */,
				D7D0B16811C4ED4F000FCBD4 /* GSHeartbeat.h */,
			);
			name = GraphicsServices;
			path = Headers/GraphicsServices;
			sourceTree = "<group>";
		};
		D7D0B16B11C4ED4F000FCBD4 /* WebCore */ = {
			isa = PBXGroup;
			children = (
				D7D0B16C11C4ED4F000FCBD4 /* WKTypes.h */,
				D7D0B16D11C4ED4F000FCBD4 /* WKUtilities.h */,
			);
			name = WebCore;
			path = Headers/WebCore;
			sourceTree = "<group>";
		};
/* End PBXGroup section */

/* Begin PBXHeadersBuildPhase section */
		D7C62AA811C6B2D40049C24B /* Headers */ = {
			isa = PBXHeadersBuildPhase;
			buildActionMask = 2147483647;
			files = (
				D7C62AC711C6B3E10049C24B /* bzlib_private.h in Headers */,
				D7C62AC911C6B3E10049C24B /* bzlib.h in Headers */,
			);
			runOnlyForDeploymentPostprocessing = 0;
		};
/* End PBXHeadersBuildPhase section */

/* Begin PBXNativeTarget section */
		1D6058900D05DD3D006BFB54 /* BootlaceV2 */ = {
			isa = PBXNativeTarget;
			buildConfigurationList = 1D6058960D05DD3E006BFB54 /* Build configuration list for PBXNativeTarget "BootlaceV2" */;
			buildPhases = (
				1D60588D0D05DD3D006BFB54 /* Resources */,
				1D60588E0D05DD3D006BFB54 /* Sources */,
				1D60588F0D05DD3D006BFB54 /* Frameworks */,
			);
			buildRules = (
			);
			dependencies = (
			);
			name = BootlaceV2;
			productName = BootlaceV2;
			productReference = 1D6058910D05DD3D006BFB54 /* BootlaceV2.app */;
			productType = "com.apple.product-type.application";
		};
		D7C62AAB11C6B2D40049C24B /* bz2 */ = {
			isa = PBXNativeTarget;
			buildConfigurationList = D7C62ABF11C6B2D80049C24B /* Build configuration list for PBXNativeTarget "bz2" */;
			buildPhases = (
				D7C62AA811C6B2D40049C24B /* Headers */,
				D7C62AA911C6B2D40049C24B /* Sources */,
				D7C62AAA11C6B2D40049C24B /* Frameworks */,
			);
			buildRules = (
			);
			dependencies = (
			);
			name = bz2;
			productName = bz2;
			productReference = D7C62AAC11C6B2D40049C24B /* libbz2.a */;
			productType = "com.apple.product-type.library.static";
		};
/* End PBXNativeTarget section */

/* Begin PBXProject section */
		29B97313FDCFA39411CA2CEA /* Project object */ = {
			isa = PBXProject;
			attributes = {
				ORGANIZATIONNAME = Neonkoala.co.uk;
			};
			buildConfigurationList = C01FCF4E08A954540054247B /* Build configuration list for PBXProject "BootlaceV2" */;
			compatibilityVersion = "Xcode 3.1";
			hasScannedForEncodings = 1;
			mainGroup = 29B97314FDCFA39411CA2CEA /* BootlaceV2 */;
			projectDirPath = "";
			projectRoot = "";
			targets = (
				1D6058900D05DD3D006BFB54 /* BootlaceV2 */,
				D7C62AAB11C6B2D40049C24B /* bz2 */,
			);
		};
/* End PBXProject section */

/* Begin PBXResourcesBuildPhase section */
		1D60588D0D05DD3D006BFB54 /* Resources */ = {
			isa = PBXResourcesBuildPhase;
			buildActionMask = 2147483647;
			files = (
				D78690AA11BD233E00642943 /* HomeView.xib in Resources */,
				D78690AB11BD233E00642943 /* MainWindow.xib in Resources */,
				D78690AC11BD233E00642943 /* DroidView.xib in Resources */,
				D78690AD11BD233E00642943 /* SettingsView.xib in Resources */,
				D78690D511BD284C00642943 /* BootView.xib in Resources */,
				D786910711BD33DF00642943 /* androidos.png in Resources */,
				D786910811BD33DF00642943 /* androidreboot.png in Resources */,
				D786910911BD33DF00642943 /* console.png in Resources */,
				D786910A11BD33DF00642943 /* consolereboot.png in Resources */,
				D786910B11BD33DF00642943 /* Icon.png in Resources */,
				D786910C11BD33DF00642943 /* iphoneos.png in Resources */,
				D78692DA11BD785B00642943 /* home.png in Resources */,
				D78692DF11BD791600642943 /* quickboot.png in Resources */,
				D78692E011BD791600642943 /* settings.png in Resources */,
				D7B3335511BE6964008978A1 /* Default.png in Resources */,
				D7B3339411BE7473008978A1 /* idroidbg.png in Resources */,
				D7B3354411BE85E5008978A1 /* idroidbutton.png in Resources */,
				D7C5E5A711C27BEB00D24192 /* bootlaceupdate.plist in Resources */,
				D7D0B37111C50561000FCBD4 /* install.png in Resources */,
				D7D0B37211C50561000FCBD4 /* remove.png in Resources */,
			);
			runOnlyForDeploymentPostprocessing = 0;
		};
/* End PBXResourcesBuildPhase section */

/* Begin PBXSourcesBuildPhase section */
		1D60588E0D05DD3D006BFB54 /* Sources */ = {
			isa = PBXSourcesBuildPhase;
			buildActionMask = 2147483647;
			files = (
				1D60589B0D05DD56006BFB54 /* main.m in Sources */,
				1D3623260D0F684500981E51 /* BootlaceAppDelegate.m in Sources */,
				D786909B11BD1E8E00642943 /* SettingsViewController.m in Sources */,
				D78690B211BD234A00642943 /* DroidViewController.m in Sources */,
				D78690B311BD234A00642943 /* HomeViewController.m in Sources */,
				D78690D211BD282200642943 /* BootViewController.m in Sources */,
				D7B332B311BE5FD2008978A1 /* commonData.m in Sources */,
				D7B332B411BE5FD2008978A1 /* commonFunctions.m in Sources */,
				D7B332B511BE5FD2008978A1 /* nvramFunctions.m in Sources */,
				D7C6234811C65F790049C24B /* getFile.m in Sources */,
				D7C62A9211C6B1BA0049C24B /* bzip2Lib.m in Sources */,
			);
			runOnlyForDeploymentPostprocessing = 0;
		};
		D7C62AA911C6B2D40049C24B /* Sources */ = {
			isa = PBXSourcesBuildPhase;
			buildActionMask = 2147483647;
			files = (
				D7C62AC811C6B3E10049C24B /* bzlib.c in Sources */,
			);
			runOnlyForDeploymentPostprocessing = 0;
		};
/* End PBXSourcesBuildPhase section */

/* Begin XCBuildConfiguration section */
		1D6058940D05DD3E006BFB54 /* Debug */ = {
			isa = XCBuildConfiguration;
			buildSettings = {
				ALWAYS_SEARCH_USER_PATHS = NO;
				COPY_PHASE_STRIP = NO;
				FRAMEWORK_SEARCH_PATHS = (
					"$(inherited)",
					"\"$(DEVELOPER_DIR)/Platforms/iPhoneSimulator.platform/Developer/SDKs/iPhoneSimulator3.0.sdk/System/Library/PrivateFrameworks\"",
					"\"$(SDKROOT)$(SYSTEM_LIBRARY_DIR)/PrivateFrameworks\"",
				);
				GCC_DYNAMIC_NO_PIC = NO;
				GCC_OPTIMIZATION_LEVEL = 0;
				GCC_PRECOMPILE_PREFIX_HEADER = YES;
				GCC_PREFIX_HEADER = BootlaceV2_Prefix.pch;
				INFOPLIST_FILE = "Bootlace-Info.plist";
				LIBRARY_SEARCH_PATHS = (
					"$(inherited)",
					"\"$(SRCROOT)/build/Debug-iphonesimulator\"",
				);
				PRODUCT_NAME = BootlaceV2;
			};
			name = Debug;
		};
		1D6058950D05DD3E006BFB54 /* Release */ = {
			isa = XCBuildConfiguration;
			buildSettings = {
				ALWAYS_SEARCH_USER_PATHS = NO;
				COPY_PHASE_STRIP = YES;
				FRAMEWORK_SEARCH_PATHS = (
					"$(inherited)",
					"\"$(DEVELOPER_DIR)/Platforms/iPhoneSimulator.platform/Developer/SDKs/iPhoneSimulator3.0.sdk/System/Library/PrivateFrameworks\"",
					"\"$(SDKROOT)$(SYSTEM_LIBRARY_DIR)/PrivateFrameworks\"",
				);
				GCC_PRECOMPILE_PREFIX_HEADER = YES;
				GCC_PREFIX_HEADER = BootlaceV2_Prefix.pch;
				INFOPLIST_FILE = "Bootlace-Info.plist";
				LIBRARY_SEARCH_PATHS = (
					"$(inherited)",
					"\"$(SRCROOT)/build/Debug-iphonesimulator\"",
				);
				PRODUCT_NAME = BootlaceV2;
			};
			name = Release;
		};
		C01FCF4F08A954540054247B /* Debug */ = {
			isa = XCBuildConfiguration;
			buildSettings = {
				ARCHS = "$(ARCHS_STANDARD_32_BIT)";
				"CODE_SIGN_IDENTITY[sdk=iphoneos*]" = "Don't Code Sign";
				FRAMEWORK_SEARCH_PATHS = "/User/neonkoala/Downloads/kennytm-iphone-private-frameworks-6ce3362/**";
				GCC_C_LANGUAGE_STANDARD = c99;
				GCC_WARN_ABOUT_RETURN_TYPE = YES;
				GCC_WARN_UNUSED_VARIABLE = YES;
				HEADER_SEARCH_PATHS = "/User/neonkoala/Downloads/kennytm-iphone-private-frameworks-6ce3362/**";
				OTHER_LDFLAGS = (
					"-ObjC",
					"-lz",
				);
				PREBINDING = NO;
				"PROVISIONING_PROFILE[sdk=iphoneos*]" = "";
				SDKROOT = iphoneos3.0;
			};
			name = Debug;
		};
		C01FCF5008A954540054247B /* Release */ = {
			isa = XCBuildConfiguration;
			buildSettings = {
				ARCHS = "$(ARCHS_STANDARD_32_BIT)";
				"CODE_SIGN_IDENTITY[sdk=iphoneos*]" = "Don't Code Sign";
				FRAMEWORK_SEARCH_PATHS = "/User/neonkoala/Downloads/kennytm-iphone-private-frameworks-6ce3362/**";
				GCC_C_LANGUAGE_STANDARD = c99;
				GCC_WARN_ABOUT_RETURN_TYPE = YES;
				GCC_WARN_UNUSED_VARIABLE = YES;
				HEADER_SEARCH_PATHS = "/User/neonkoala/Downloads/kennytm-iphone-private-frameworks-6ce3362/**";
				OTHER_LDFLAGS = (
					"-ObjC",
					"-lz",
				);
				PREBINDING = NO;
				"PROVISIONING_PROFILE[sdk=iphoneos*]" = "";
				SDKROOT = iphoneos3.0;
			};
			name = Release;
		};
		D7C62AAD11C6B2D50049C24B /* Debug */ = {
			isa = XCBuildConfiguration;
			buildSettings = {
				ALWAYS_SEARCH_USER_PATHS = NO;
				COPY_PHASE_STRIP = NO;
				GCC_DYNAMIC_NO_PIC = NO;
				GCC_OPTIMIZATION_LEVEL = 0;
				PREBINDING = NO;
				PRODUCT_NAME = bz2;
			};
			name = Debug;
		};
		D7C62AAE11C6B2D50049C24B /* Release */ = {
			isa = XCBuildConfiguration;
			buildSettings = {
				ALWAYS_SEARCH_USER_PATHS = NO;
				COPY_PHASE_STRIP = YES;
				DEBUG_INFORMATION_FORMAT = "dwarf-with-dsym";
				GCC_ENABLE_FIX_AND_CONTINUE = NO;
				PREBINDING = NO;
				PRODUCT_NAME = bz2;
				ZERO_LINK = NO;
			};
			name = Release;
		};
/* End XCBuildConfiguration section */

/* Begin XCConfigurationList section */
		1D6058960D05DD3E006BFB54 /* Build configuration list for PBXNativeTarget "BootlaceV2" */ = {
			isa = XCConfigurationList;
			buildConfigurations = (
				1D6058940D05DD3E006BFB54 /* Debug */,
				1D6058950D05DD3E006BFB54 /* Release */,
			);
			defaultConfigurationIsVisible = 0;
			defaultConfigurationName = Release;
		};
		C01FCF4E08A954540054247B /* Build configuration list for PBXProject "BootlaceV2" */ = {
			isa = XCConfigurationList;
			buildConfigurations = (
				C01FCF4F08A954540054247B /* Debug */,
				C01FCF5008A954540054247B /* Release */,
			);
			defaultConfigurationIsVisible = 0;
			defaultConfigurationName = Release;
		};
		D7C62ABF11C6B2D80049C24B /* Build configuration list for PBXNativeTarget "bz2" */ = {
			isa = XCConfigurationList;
			buildConfigurations = (
				D7C62AAD11C6B2D50049C24B /* Debug */,
				D7C62AAE11C6B2D50049C24B /* Release */,
			);
			defaultConfigurationIsVisible = 0;
			defaultConfigurationName = Release;
		};
/* End XCConfigurationList section */
	};
	rootObject = 29B97313FDCFA39411CA2CEA /* Project object */;
}
