// !$*UTF8*$!
{
	archiveVersion = 1;
	classes = {
	};
	objectVersion = 45;
	objects = {

/* Begin PBXBuildFile section */
		1D3623260D0F684500981E51 /* BootlaceAppDelegate.m in Sources */ = {isa = PBXBuildFile; fileRef = 1D3623250D0F684500981E51 /* BootlaceAppDelegate.m */; };
		1D60589B0D05DD56006BFB54 /* main.m in Sources */ = {isa = PBXBuildFile; fileRef = 29B97316FDCFA39411CA2CEA /* main.m */; };
		1D60589F0D05DD5A006BFB54 /* Foundation.framework in Frameworks */ = {isa = PBXBuildFile; fileRef = 1D30AB110D05D00D00671497 /* Foundation.framework */; };
		1DF5F4E00D08C38300B7A737 /* UIKit.framework in Frameworks */ = {isa = PBXBuildFile; fileRef = 1DF5F4DF0D08C38300B7A737 /* UIKit.framework */; };
		2892E4100DC94CBA00A64D0F /* CoreGraphics.framework in Frameworks */ = {isa = PBXBuildFile; fileRef = 2892E40F0DC94CBA00A64D0F /* CoreGraphics.framework */; };
		28AD73600D9D9599002E5188 /* MainWindow.xib in Resources */ = {isa = PBXBuildFile; fileRef = 28AD735F0D9D9599002E5188 /* MainWindow.xib */; };
		28C286E10D94DF7D0034E888 /* SettingsViewController.m in Sources */ = {isa = PBXBuildFile; fileRef = 28C286E00D94DF7D0034E888 /* SettingsViewController.m */; };
		28F335F11007B36200424DE2 /* SettingsViewController.xib in Resources */ = {isa = PBXBuildFile; fileRef = 28F335F01007B36200424DE2 /* SettingsViewController.xib */; };
		D720F9A51199FE9C00D98C26 /* button_red.png in Resources */ = {isa = PBXBuildFile; fileRef = D720F9A41199FE9C00D98C26 /* button_red.png */; };
		D7A6E1D711A011D800061431 /* androidos.png in Resources */ = {isa = PBXBuildFile; fileRef = D7A6E1D111A011D800061431 /* androidos.png */; };
		D7A6E1D811A011D800061431 /* androidreboot.png in Resources */ = {isa = PBXBuildFile; fileRef = D7A6E1D211A011D800061431 /* androidreboot.png */; };
		D7A6E1D911A011D800061431 /* console.png in Resources */ = {isa = PBXBuildFile; fileRef = D7A6E1D311A011D800061431 /* console.png */; };
		D7A6E1DA11A011D800061431 /* consolereboot.png in Resources */ = {isa = PBXBuildFile; fileRef = D7A6E1D411A011D800061431 /* consolereboot.png */; };
		D7A6E1DB11A011D800061431 /* Icon.png in Resources */ = {isa = PBXBuildFile; fileRef = D7A6E1D511A011D800061431 /* Icon.png */; };
		D7A6E1DC11A011D800061431 /* iphoneos.png in Resources */ = {isa = PBXBuildFile; fileRef = D7A6E1D611A011D800061431 /* iphoneos.png */; };
		D7A6E20A11A0131D00061431 /* commonData.m in Sources */ = {isa = PBXBuildFile; fileRef = D7A6E20511A0131D00061431 /* commonData.m */; };
		D7A6E20B11A0131D00061431 /* commonFunctions.m in Sources */ = {isa = PBXBuildFile; fileRef = D7A6E20711A0131D00061431 /* commonFunctions.m */; };
		D7A6E20C11A0131D00061431 /* nvramFunctions.m in Sources */ = {isa = PBXBuildFile; fileRef = D7A6E20911A0131D00061431 /* nvramFunctions.m */; };
		D7A6E20F11A0132C00061431 /* AdvancedViewController.m in Sources */ = {isa = PBXBuildFile; fileRef = D7A6E20E11A0132C00061431 /* AdvancedViewController.m */; };
		D7A96063119DE4A4003CAA5D /* RootViewController.m in Sources */ = {isa = PBXBuildFile; fileRef = D7A96061119DE4A4003CAA5D /* RootViewController.m */; };
		D7AB4ECF119DEB23009F0E77 /* RootViewController.xib in Resources */ = {isa = PBXBuildFile; fileRef = D7AB4ECE119DEB23009F0E77 /* RootViewController.xib */; };
		D7D2D49F119AF4F9000B4DA6 /* AdvancedViewController.xib in Resources */ = {isa = PBXBuildFile; fileRef = D7D2D49D119AF4F9000B4DA6 /* AdvancedViewController.xib */; };
/* End PBXBuildFile section */

/* Begin PBXFileReference section */
		1D30AB110D05D00D00671497 /* Foundation.framework */ = {isa = PBXFileReference; lastKnownFileType = wrapper.framework; name = Foundation.framework; path = System/Library/Frameworks/Foundation.framework; sourceTree = SDKROOT; };
		1D3623240D0F684500981E51 /* BootlaceAppDelegate.h */ = {isa = PBXFileReference; fileEncoding = 4; lastKnownFileType = sourcecode.c.h; path = BootlaceAppDelegate.h; sourceTree = "<group>"; };
		1D3623250D0F684500981E51 /* BootlaceAppDelegate.m */ = {isa = PBXFileReference; fileEncoding = 4; lastKnownFileType = sourcecode.c.objc; path = BootlaceAppDelegate.m; sourceTree = "<group>"; };
		1D6058910D05DD3D006BFB54 /* Bootlace.app */ = {isa = PBXFileReference; explicitFileType = wrapper.application; includeInIndex = 0; path = Bootlace.app; sourceTree = BUILT_PRODUCTS_DIR; };
		1DF5F4DF0D08C38300B7A737 /* UIKit.framework */ = {isa = PBXFileReference; lastKnownFileType = wrapper.framework; name = UIKit.framework; path = System/Library/Frameworks/UIKit.framework; sourceTree = SDKROOT; };
		2892E40F0DC94CBA00A64D0F /* CoreGraphics.framework */ = {isa = PBXFileReference; lastKnownFileType = wrapper.framework; name = CoreGraphics.framework; path = System/Library/Frameworks/CoreGraphics.framework; sourceTree = SDKROOT; };
		28A0AAE50D9B0CCF005BE974 /* Bootlace_Prefix.pch */ = {isa = PBXFileReference; fileEncoding = 4; lastKnownFileType = sourcecode.c.h; path = Bootlace_Prefix.pch; sourceTree = "<group>"; };
		28AD735F0D9D9599002E5188 /* MainWindow.xib */ = {isa = PBXFileReference; lastKnownFileType = file.xib; path = MainWindow.xib; sourceTree = "<group>"; };
		28C286DF0D94DF7D0034E888 /* SettingsViewController.h */ = {isa = PBXFileReference; fileEncoding = 4; lastKnownFileType = sourcecode.c.h; path = SettingsViewController.h; sourceTree = "<group>"; };
		28C286E00D94DF7D0034E888 /* SettingsViewController.m */ = {isa = PBXFileReference; fileEncoding = 4; lastKnownFileType = sourcecode.c.objc; path = SettingsViewController.m; sourceTree = "<group>"; };
		28F335F01007B36200424DE2 /* SettingsViewController.xib */ = {isa = PBXFileReference; lastKnownFileType = file.xib; path = SettingsViewController.xib; sourceTree = "<group>"; };
		29B97316FDCFA39411CA2CEA /* main.m */ = {isa = PBXFileReference; fileEncoding = 4; lastKnownFileType = sourcecode.c.objc; path = main.m; sourceTree = "<group>"; };
		8D1107310486CEB800E47090 /* Bootlace-Info.plist */ = {isa = PBXFileReference; fileEncoding = 4; lastKnownFileType = text.plist.xml; path = "Bootlace-Info.plist"; plistStructureDefinitionIdentifier = "com.apple.xcode.plist.structure-definition.iphone.info-plist"; sourceTree = "<group>"; };
		D720F9A41199FE9C00D98C26 /* button_red.png */ = {isa = PBXFileReference; lastKnownFileType = image.png; path = button_red.png; sourceTree = "<group>"; };
		D7A6E1D111A011D800061431 /* androidos.png */ = {isa = PBXFileReference; lastKnownFileType = image.png; name = androidos.png; path = Resources/androidos.png; sourceTree = "<group>"; };
		D7A6E1D211A011D800061431 /* androidreboot.png */ = {isa = PBXFileReference; lastKnownFileType = image.png; name = androidreboot.png; path = Resources/androidreboot.png; sourceTree = "<group>"; };
		D7A6E1D311A011D800061431 /* console.png */ = {isa = PBXFileReference; lastKnownFileType = image.png; name = console.png; path = Resources/console.png; sourceTree = "<group>"; };
		D7A6E1D411A011D800061431 /* consolereboot.png */ = {isa = PBXFileReference; lastKnownFileType = image.png; name = consolereboot.png; path = Resources/consolereboot.png; sourceTree = "<group>"; };
		D7A6E1D511A011D800061431 /* Icon.png */ = {isa = PBXFileReference; lastKnownFileType = image.png; name = Icon.png; path = Resources/Icon.png; sourceTree = "<group>"; };
		D7A6E1D611A011D800061431 /* iphoneos.png */ = {isa = PBXFileReference; lastKnownFileType = image.png; name = iphoneos.png; path = Resources/iphoneos.png; sourceTree = "<group>"; };
		D7A6E20411A0131D00061431 /* commonData.h */ = {isa = PBXFileReference; fileEncoding = 4; lastKnownFileType = sourcecode.c.h; name = commonData.h; path = Classes/commonData.h; sourceTree = "<group>"; };
		D7A6E20511A0131D00061431 /* commonData.m */ = {isa = PBXFileReference; fileEncoding = 4; lastKnownFileType = sourcecode.c.objc; name = commonData.m; path = Classes/commonData.m; sourceTree = "<group>"; };
		D7A6E20611A0131D00061431 /* commonFunctions.h */ = {isa = PBXFileReference; fileEncoding = 4; lastKnownFileType = sourcecode.c.h; name = commonFunctions.h; path = Classes/commonFunctions.h; sourceTree = "<group>"; };
		D7A6E20711A0131D00061431 /* commonFunctions.m */ = {isa = PBXFileReference; fileEncoding = 4; lastKnownFileType = sourcecode.c.objc; name = commonFunctions.m; path = Classes/commonFunctions.m; sourceTree = "<group>"; };
		D7A6E20811A0131D00061431 /* nvramFunctions.h */ = {isa = PBXFileReference; fileEncoding = 4; lastKnownFileType = sourcecode.c.h; name = nvramFunctions.h; path = Classes/nvramFunctions.h; sourceTree = "<group>"; };
		D7A6E20911A0131D00061431 /* nvramFunctions.m */ = {isa = PBXFileReference; fileEncoding = 4; lastKnownFileType = sourcecode.c.objc; name = nvramFunctions.m; path = Classes/nvramFunctions.m; sourceTree = "<group>"; };
		D7A6E20D11A0132C00061431 /* AdvancedViewController.h */ = {isa = PBXFileReference; fileEncoding = 4; lastKnownFileType = sourcecode.c.h; path = AdvancedViewController.h; sourceTree = "<group>"; };
		D7A6E20E11A0132C00061431 /* AdvancedViewController.m */ = {isa = PBXFileReference; fileEncoding = 4; lastKnownFileType = sourcecode.c.objc; path = AdvancedViewController.m; sourceTree = "<group>"; };
		D7A96060119DE4A4003CAA5D /* RootViewController.h */ = {isa = PBXFileReference; fileEncoding = 4; lastKnownFileType = sourcecode.c.h; path = RootViewController.h; sourceTree = "<group>"; };
		D7A96061119DE4A4003CAA5D /* RootViewController.m */ = {isa = PBXFileReference; fileEncoding = 4; lastKnownFileType = sourcecode.c.objc; path = RootViewController.m; sourceTree = "<group>"; };
		D7AB4ECE119DEB23009F0E77 /* RootViewController.xib */ = {isa = PBXFileReference; lastKnownFileType = file.xib; path = RootViewController.xib; sourceTree = "<group>"; };
		D7D2D49D119AF4F9000B4DA6 /* AdvancedViewController.xib */ = {isa = PBXFileReference; lastKnownFileType = file.xib; path = AdvancedViewController.xib; sourceTree = "<group>"; };
/* End PBXFileReference section */

/* Begin PBXFrameworksBuildPhase section */
		1D60588F0D05DD3D006BFB54 /* Frameworks */ = {
			isa = PBXFrameworksBuildPhase;
			buildActionMask = 2147483647;
			files = (
				1D60589F0D05DD5A006BFB54 /* Foundation.framework in Frameworks */,
				1DF5F4E00D08C38300B7A737 /* UIKit.framework in Frameworks */,
				2892E4100DC94CBA00A64D0F /* CoreGraphics.framework in Frameworks */,
			);
			runOnlyForDeploymentPostprocessing = 0;
		};
/* End PBXFrameworksBuildPhase section */

/* Begin PBXGroup section */
		080E96DDFE201D6D7F000001 /* Classes */ = {
			isa = PBXGroup;
			children = (
				D7A6E20D11A0132C00061431 /* AdvancedViewController.h */,
				D7A6E20E11A0132C00061431 /* AdvancedViewController.m */,
				28C286DF0D94DF7D0034E888 /* SettingsViewController.h */,
				28C286E00D94DF7D0034E888 /* SettingsViewController.m */,
				1D3623240D0F684500981E51 /* BootlaceAppDelegate.h */,
				1D3623250D0F684500981E51 /* BootlaceAppDelegate.m */,
				D7A96060119DE4A4003CAA5D /* RootViewController.h */,
				D7A96061119DE4A4003CAA5D /* RootViewController.m */,
			);
			path = Classes;
			sourceTree = "<group>";
		};
		19C28FACFE9D520D11CA2CBB /* Products */ = {
			isa = PBXGroup;
			children = (
				1D6058910D05DD3D006BFB54 /* Bootlace.app */,
			);
			name = Products;
			sourceTree = "<group>";
		};
		29B97314FDCFA39411CA2CEA /* CustomTemplate */ = {
			isa = PBXGroup;
			children = (
				D7D2D179119AC0E2000B4DA6 /* Common */,
				080E96DDFE201D6D7F000001 /* Classes */,
				29B97315FDCFA39411CA2CEA /* Other Sources */,
				29B97317FDCFA39411CA2CEA /* Resources */,
				29B97323FDCFA39411CA2CEA /* Frameworks */,
				19C28FACFE9D520D11CA2CBB /* Products */,
			);
			name = CustomTemplate;
			sourceTree = "<group>";
		};
		29B97315FDCFA39411CA2CEA /* Other Sources */ = {
			isa = PBXGroup;
			children = (
				28A0AAE50D9B0CCF005BE974 /* Bootlace_Prefix.pch */,
				29B97316FDCFA39411CA2CEA /* main.m */,
			);
			name = "Other Sources";
			sourceTree = "<group>";
		};
		29B97317FDCFA39411CA2CEA /* Resources */ = {
			isa = PBXGroup;
			children = (
				D7A6E1D111A011D800061431 /* androidos.png */,
				D7A6E1D211A011D800061431 /* androidreboot.png */,
				D7A6E1D311A011D800061431 /* console.png */,
				D7A6E1D411A011D800061431 /* consolereboot.png */,
				D7A6E1D511A011D800061431 /* Icon.png */,
				D7A6E1D611A011D800061431 /* iphoneos.png */,
				D7AB4ECE119DEB23009F0E77 /* RootViewController.xib */,
				D7D2D49D119AF4F9000B4DA6 /* AdvancedViewController.xib */,
				D720F9A41199FE9C00D98C26 /* button_red.png */,
				28F335F01007B36200424DE2 /* SettingsViewController.xib */,
				28AD735F0D9D9599002E5188 /* MainWindow.xib */,
				8D1107310486CEB800E47090 /* Bootlace-Info.plist */,
			);
			name = Resources;
			sourceTree = "<group>";
		};
		29B97323FDCFA39411CA2CEA /* Frameworks */ = {
			isa = PBXGroup;
			children = (
				1DF5F4DF0D08C38300B7A737 /* UIKit.framework */,
				1D30AB110D05D00D00671497 /* Foundation.framework */,
				2892E40F0DC94CBA00A64D0F /* CoreGraphics.framework */,
			);
			name = Frameworks;
			sourceTree = "<group>";
		};
		D7D2D179119AC0E2000B4DA6 /* Common */ = {
			isa = PBXGroup;
			children = (
				D7A6E20411A0131D00061431 /* commonData.h */,
				D7A6E20511A0131D00061431 /* commonData.m */,
				D7A6E20611A0131D00061431 /* commonFunctions.h */,
				D7A6E20711A0131D00061431 /* commonFunctions.m */,
				D7A6E20811A0131D00061431 /* nvramFunctions.h */,
				D7A6E20911A0131D00061431 /* nvramFunctions.m */,
			);
			name = Common;
			sourceTree = "<group>";
		};
/* End PBXGroup section */

/* Begin PBXNativeTarget section */
		1D6058900D05DD3D006BFB54 /* Bootlace */ = {
			isa = PBXNativeTarget;
			buildConfigurationList = 1D6058960D05DD3E006BFB54 /* Build configuration list for PBXNativeTarget "Bootlace" */;
			buildPhases = (
				1D60588D0D05DD3D006BFB54 /* Resources */,
				1D60588E0D05DD3D006BFB54 /* Sources */,
				1D60588F0D05DD3D006BFB54 /* Frameworks */,
			);
			buildRules = (
			);
			dependencies = (
			);
			name = Bootlace;
			productName = Bootlace;
			productReference = 1D6058910D05DD3D006BFB54 /* Bootlace.app */;
			productType = "com.apple.product-type.application";
		};
/* End PBXNativeTarget section */

/* Begin PBXProject section */
		29B97313FDCFA39411CA2CEA /* Project object */ = {
			isa = PBXProject;
			buildConfigurationList = C01FCF4E08A954540054247B /* Build configuration list for PBXProject "Bootlace" */;
			compatibilityVersion = "Xcode 3.1";
			hasScannedForEncodings = 1;
			knownRegions = (
				English,
				Japanese,
				French,
				German,
				en,
			);
			mainGroup = 29B97314FDCFA39411CA2CEA /* CustomTemplate */;
			projectDirPath = "";
			projectRoot = "";
			targets = (
				1D6058900D05DD3D006BFB54 /* Bootlace */,
			);
		};
/* End PBXProject section */

/* Begin PBXResourcesBuildPhase section */
		1D60588D0D05DD3D006BFB54 /* Resources */ = {
			isa = PBXResourcesBuildPhase;
			buildActionMask = 2147483647;
			files = (
				28AD73600D9D9599002E5188 /* MainWindow.xib in Resources */,
				28F335F11007B36200424DE2 /* SettingsViewController.xib in Resources */,
				D720F9A51199FE9C00D98C26 /* button_red.png in Resources */,
				D7D2D49F119AF4F9000B4DA6 /* AdvancedViewController.xib in Resources */,
				D7AB4ECF119DEB23009F0E77 /* RootViewController.xib in Resources */,
				D7A6E1D711A011D800061431 /* androidos.png in Resources */,
				D7A6E1D811A011D800061431 /* androidreboot.png in Resources */,
				D7A6E1D911A011D800061431 /* console.png in Resources */,
				D7A6E1DA11A011D800061431 /* consolereboot.png in Resources */,
				D7A6E1DB11A011D800061431 /* Icon.png in Resources */,
				D7A6E1DC11A011D800061431 /* iphoneos.png in Resources */,
			);
			runOnlyForDeploymentPostprocessing = 0;
		};
/* End PBXResourcesBuildPhase section */

/* Begin PBXSourcesBuildPhase section */
		1D60588E0D05DD3D006BFB54 /* Sources */ = {
			isa = PBXSourcesBuildPhase;
			buildActionMask = 2147483647;
			files = (
				1D60589B0D05DD56006BFB54 /* main.m in Sources */,
				1D3623260D0F684500981E51 /* BootlaceAppDelegate.m in Sources */,
				28C286E10D94DF7D0034E888 /* SettingsViewController.m in Sources */,
				D7A96063119DE4A4003CAA5D /* RootViewController.m in Sources */,
				D7A6E20A11A0131D00061431 /* commonData.m in Sources */,
				D7A6E20B11A0131D00061431 /* commonFunctions.m in Sources */,
				D7A6E20C11A0131D00061431 /* nvramFunctions.m in Sources */,
				D7A6E20F11A0132C00061431 /* AdvancedViewController.m in Sources */,
			);
			runOnlyForDeploymentPostprocessing = 0;
		};
/* End PBXSourcesBuildPhase section */

/* Begin XCBuildConfiguration section */
		1D6058940D05DD3E006BFB54 /* Debug */ = {
			isa = XCBuildConfiguration;
			buildSettings = {
				ALWAYS_SEARCH_USER_PATHS = NO;
				COPY_PHASE_STRIP = NO;
				GCC_DYNAMIC_NO_PIC = NO;
				GCC_OPTIMIZATION_LEVEL = 0;
				GCC_PRECOMPILE_PREFIX_HEADER = YES;
				GCC_PREFIX_HEADER = Bootlace_Prefix.pch;
				INFOPLIST_FILE = "Bootlace-Info.plist";
				PRODUCT_NAME = Bootlace;
			};
			name = Debug;
		};
		1D6058950D05DD3E006BFB54 /* Release */ = {
			isa = XCBuildConfiguration;
			buildSettings = {
				ALWAYS_SEARCH_USER_PATHS = NO;
				COPY_PHASE_STRIP = YES;
				GCC_PRECOMPILE_PREFIX_HEADER = YES;
				GCC_PREFIX_HEADER = Bootlace_Prefix.pch;
				INFOPLIST_FILE = "Bootlace-Info.plist";
				PRODUCT_NAME = Bootlace;
			};
			name = Release;
		};
		C01FCF4F08A954540054247B /* Debug */ = {
			isa = XCBuildConfiguration;
			buildSettings = {
				ARCHS = "$(ARCHS_STANDARD_32_BIT)";
				"CODE_SIGN_IDENTITY[sdk=iphoneos*]" = "Don't Code Sign";
				GCC_C_LANGUAGE_STANDARD = c99;
				GCC_WARN_ABOUT_RETURN_TYPE = YES;
				GCC_WARN_UNUSED_VARIABLE = YES;
				PREBINDING = NO;
				"PROVISIONING_PROFILE[sdk=iphoneos*]" = "";
				SDKROOT = iphoneos3.0;
			};
			name = Debug;
		};
		C01FCF5008A954540054247B /* Release */ = {
			isa = XCBuildConfiguration;
			buildSettings = {
				ARCHS = "$(ARCHS_STANDARD_32_BIT)";
				"CODE_SIGN_IDENTITY[sdk=iphoneos*]" = "Don't Code Sign";
				GCC_C_LANGUAGE_STANDARD = c99;
				GCC_WARN_ABOUT_RETURN_TYPE = YES;
				GCC_WARN_UNUSED_VARIABLE = YES;
				PREBINDING = NO;
				"PROVISIONING_PROFILE[sdk=iphoneos*]" = "";
				SDKROOT = iphoneos3.0;
			};
			name = Release;
		};
/* End XCBuildConfiguration section */

/* Begin XCConfigurationList section */
		1D6058960D05DD3E006BFB54 /* Build configuration list for PBXNativeTarget "Bootlace" */ = {
			isa = XCConfigurationList;
			buildConfigurations = (
				1D6058940D05DD3E006BFB54 /* Debug */,
				1D6058950D05DD3E006BFB54 /* Release */,
			);
			defaultConfigurationIsVisible = 0;
			defaultConfigurationName = Release;
		};
		C01FCF4E08A954540054247B /* Build configuration list for PBXProject "Bootlace" */ = {
			isa = XCConfigurationList;
			buildConfigurations = (
				C01FCF4F08A954540054247B /* Debug */,
				C01FCF5008A954540054247B /* Release */,
			);
			defaultConfigurationIsVisible = 0;
			defaultConfigurationName = Release;
		};
/* End XCConfigurationList section */
	};
	rootObject = 29B97313FDCFA39411CA2CEA /* Project object */;
}
